Microsoft Visual Studio Solution File, Format Version 11.00
# Visual Studio 2008

Project("{2744CABB-3CA7-A8A3-C372-1D8B853B21A3}") = "PruebaVdj", "Assembly-CSharp.csproj", "{76955CC3-2FC8-4124-FBD1-E848DD063252}"
EndProject
Global
	GlobalSection(SolutionConfigurationPlatforms) = preSolution
		Debug|Any CPU = Debug|Any CPU
		Release|Any CPU = Release|Any CPU
	EndGlobalSection
	GlobalSection(ProjectConfigurationPlatforms) = postSolution
		{76955CC3-2FC8-4124-FBD1-E848DD063252}.Debug|Any CPU.ActiveCfg = Debug|Any CPU
		{76955CC3-2FC8-4124-FBD1-E848DD063252}.Debug|Any CPU.Build.0 = Debug|Any CPU
		{76955CC3-2FC8-4124-FBD1-E848DD063252}.Release|Any CPU.ActiveCfg = Release|Any CPU
		{76955CC3-2FC8-4124-FBD1-E848DD063252}.Release|Any CPU.Build.0 = Release|Any CPU
	EndGlobalSection
	GlobalSection(SolutionProperties) = preSolution
		HideSolutionNode = FALSE
	EndGlobalSection
	GlobalSection(MonoDevelopProperties) = preSolution
		StartupItem = Assembly-CSharp.csproj
	EndGlobalSection
EndGlobal
